
Microsoft Visual Studio Solution File, Format Version 12.00
# Visual Studio Version 16
VisualStudioVersion = 16.0.30114.105
MinimumVisualStudioVersion = 10.0.40219.1
Project("{8BC9CEB8-8B4A-11D0-8D11-00A0C91BC942}") = "lab(3_1)_zelenko", "lab(3_1)_zelenko\lab(3_1)_zelenko.vcxproj", "{633B7D0C-8BEB-4EFD-9964-152361E79274}"
EndProject
Global
	GlobalSection(SolutionConfigurationPlatforms) = preSolution
		Debug|x64 = Debug|x64
		Debug|x86 = Debug|x86
		Release|x64 = Release|x64
		Release|x86 = Release|x86
	EndGlobalSection
	GlobalSection(ProjectConfigurationPlatforms) = postSolution
		{633B7D0C-8BEB-4EFD-9964-152361E79274}.Debug|x64.ActiveCfg = Debug|x64
		{633B7D0C-8BEB-4EFD-9964-152361E79274}.Debug|x64.Build.0 = Debug|x64
		{633B7D0C-8BEB-4EFD-9964-152361E79274}.Debug|x86.ActiveCfg = Debug|Win32
		{633B7D0C-8BEB-4EFD-9964-152361E79274}.Debug|x86.Build.0 = Debug|Win32
		{633B7D0C-8BEB-4EFD-9964-152361E79274}.Release|x64.ActiveCfg = Release|x64
		{633B7D0C-8BEB-4EFD-9964-152361E79274}.Release|x64.Build.0 = Release|x64
		{633B7D0C-8BEB-4EFD-9964-152361E79274}.Release|x86.ActiveCfg = Release|Win32
		{633B7D0C-8BEB-4EFD-9964-152361E79274}.Release|x86.Build.0 = Release|Win32
	EndGlobalSection
	GlobalSection(SolutionProperties) = preSolution
		HideSolutionNode = FALSE
	EndGlobalSection
	GlobalSection(ExtensibilityGlobals) = postSolution
		SolutionGuid = {3EE287B5-9DA0-40B9-8501-29986A16A09A}
	EndGlobalSection
EndGlobal
